// !$*UTF8*$!
{
	archiveVersion = 1;
	classes = {
	};
	objectVersion = 56;
	objects = {

/* Begin PBXBuildFile section */
		D02D5C712926971600CDB455 /* TabBarView.swift in Sources */ = {isa = PBXBuildFile; fileRef = D02D5C702926971600CDB455 /* TabBarView.swift */; };
		D02D5C732926980800CDB455 /* StatisticsView.swift in Sources */ = {isa = PBXBuildFile; fileRef = D02D5C722926980800CDB455 /* StatisticsView.swift */; };
		D02D5C752926984800CDB455 /* PedometerView.swift in Sources */ = {isa = PBXBuildFile; fileRef = D02D5C742926984800CDB455 /* PedometerView.swift */; };
		D03C3C06292BC87B00BE862B /* CircularProgressView.swift in Sources */ = {isa = PBXBuildFile; fileRef = D03C3C05292BC87B00BE862B /* CircularProgressView.swift */; };
		D03C3C0C292BD86600BE862B /* ProfileSelection.swift in Sources */ = {isa = PBXBuildFile; fileRef = D03C3C0B292BD86600BE862B /* ProfileSelection.swift */; };
		D03C3C0E292D46E000BE862B /* time.swift in Sources */ = {isa = PBXBuildFile; fileRef = D03C3C0D292D46E000BE862B /* time.swift */; };
		D05135642927A67600F043C5 /* PedometerManager.swift in Sources */ = {isa = PBXBuildFile; fileRef = D05135632927A67600F043C5 /* PedometerManager.swift */; };
		D05135662927DAF900F043C5 /* keysModel.swift in Sources */ = {isa = PBXBuildFile; fileRef = D05135652927DAF900F043C5 /* keysModel.swift */; };
		D093EC8729240F1500D7147E /* PacerApp.swift in Sources */ = {isa = PBXBuildFile; fileRef = D093EC8629240F1500D7147E /* PacerApp.swift */; };
		D093EC8929240F1500D7147E /* ContentView.swift in Sources */ = {isa = PBXBuildFile; fileRef = D093EC8829240F1500D7147E /* ContentView.swift */; };
		D093EC8B29240F1600D7147E /* Assets.xcassets in Resources */ = {isa = PBXBuildFile; fileRef = D093EC8A29240F1600D7147E /* Assets.xcassets */; };
		D093EC8E29240F1600D7147E /* Preview Assets.xcassets in Resources */ = {isa = PBXBuildFile; fileRef = D093EC8D29240F1600D7147E /* Preview Assets.xcassets */; };
/* End PBXBuildFile section */

/* Begin PBXFileReference section */
		D02D5C702926971600CDB455 /* TabBarView.swift */ = {isa = PBXFileReference; lastKnownFileType = sourcecode.swift; path = TabBarView.swift; sourceTree = "<group>"; };
		D02D5C722926980800CDB455 /* StatisticsView.swift */ = {isa = PBXFileReference; lastKnownFileType = sourcecode.swift; path = StatisticsView.swift; sourceTree = "<group>"; };
		D02D5C742926984800CDB455 /* PedometerView.swift */ = {isa = PBXFileReference; lastKnownFileType = sourcecode.swift; path = PedometerView.swift; sourceTree = "<group>"; };
		D03C3C05292BC87B00BE862B /* CircularProgressView.swift */ = {isa = PBXFileReference; lastKnownFileType = sourcecode.swift; path = CircularProgressView.swift; sourceTree = "<group>"; };
		D03C3C0B292BD86600BE862B /* ProfileSelection.swift */ = {isa = PBXFileReference; lastKnownFileType = sourcecode.swift; path = ProfileSelection.swift; sourceTree = "<group>"; };
		D03C3C0D292D46E000BE862B /* time.swift */ = {isa = PBXFileReference; lastKnownFileType = sourcecode.swift; path = time.swift; sourceTree = "<group>"; };
		D051356229278CC500F043C5 /* Info.plist */ = {isa = PBXFileReference; lastKnownFileType = text.plist; path = Info.plist; sourceTree = "<group>"; };
		D05135632927A67600F043C5 /* PedometerManager.swift */ = {isa = PBXFileReference; lastKnownFileType = sourcecode.swift; path = PedometerManager.swift; sourceTree = "<group>"; };
		D05135652927DAF900F043C5 /* keysModel.swift */ = {isa = PBXFileReference; lastKnownFileType = sourcecode.swift; path = keysModel.swift; sourceTree = "<group>"; };
		D093EC8329240F1500D7147E /* Pacer.app */ = {isa = PBXFileReference; explicitFileType = wrapper.application; includeInIndex = 0; path = Pacer.app; sourceTree = BUILT_PRODUCTS_DIR; };
		D093EC8629240F1500D7147E /* PacerApp.swift */ = {isa = PBXFileReference; lastKnownFileType = sourcecode.swift; path = PacerApp.swift; sourceTree = "<group>"; };
		D093EC8829240F1500D7147E /* ContentView.swift */ = {isa = PBXFileReference; lastKnownFileType = sourcecode.swift; path = ContentView.swift; sourceTree = "<group>"; };
		D093EC8A29240F1600D7147E /* Assets.xcassets */ = {isa = PBXFileReference; lastKnownFileType = folder.assetcatalog; path = Assets.xcassets; sourceTree = "<group>"; };
		D093EC8D29240F1600D7147E /* Preview Assets.xcassets */ = {isa = PBXFileReference; lastKnownFileType = folder.assetcatalog; path = "Preview Assets.xcassets"; sourceTree = "<group>"; };
/* End PBXFileReference section */

/* Begin PBXFrameworksBuildPhase section */
		D093EC8029240F1500D7147E /* Frameworks */ = {
			isa = PBXFrameworksBuildPhase;
			buildActionMask = 2147483647;
			files = (
			);
			runOnlyForDeploymentPostprocessing = 0;
		};
/* End PBXFrameworksBuildPhase section */

/* Begin PBXGroup section */
		D093EC7A29240F1500D7147E = {
			isa = PBXGroup;
			children = (
				D093EC8529240F1500D7147E /* Pacer */,
				D093EC8429240F1500D7147E /* Products */,
			);
			sourceTree = "<group>";
		};
		D093EC8429240F1500D7147E /* Products */ = {
			isa = PBXGroup;
			children = (
				D093EC8329240F1500D7147E /* Pacer.app */,
			);
			name = Products;
			sourceTree = "<group>";
		};
		D093EC8529240F1500D7147E /* Pacer */ = {
			isa = PBXGroup;
			children = (
				D051356229278CC500F043C5 /* Info.plist */,
				D093EC8629240F1500D7147E /* PacerApp.swift */,
				D05135652927DAF900F043C5 /* keysModel.swift */,
				D03C3C0B292BD86600BE862B /* ProfileSelection.swift */,
				D05135632927A67600F043C5 /* PedometerManager.swift */,
				D093EC8829240F1500D7147E /* ContentView.swift */,
				D02D5C742926984800CDB455 /* PedometerView.swift */,
				D03C3C0D292D46E000BE862B /* time.swift */,
				D03C3C05292BC87B00BE862B /* CircularProgressView.swift */,
				D02D5C702926971600CDB455 /* TabBarView.swift */,
				D02D5C722926980800CDB455 /* StatisticsView.swift */,
				D093EC8A29240F1600D7147E /* Assets.xcassets */,
				D093EC8C29240F1600D7147E /* Preview Content */,
			);
			path = Pacer;
			sourceTree = "<group>";
		};
		D093EC8C29240F1600D7147E /* Preview Content */ = {
			isa = PBXGroup;
			children = (
				D093EC8D29240F1600D7147E /* Preview Assets.xcassets */,
			);
			path = "Preview Content";
			sourceTree = "<group>";
		};
/* End PBXGroup section */

/* Begin PBXNativeTarget section */
		D093EC8229240F1500D7147E /* Pacer */ = {
			isa = PBXNativeTarget;
			buildConfigurationList = D093EC9129240F1600D7147E /* Build configuration list for PBXNativeTarget "Pacer" */;
			buildPhases = (
				D093EC7F29240F1500D7147E /* Sources */,
				D093EC8029240F1500D7147E /* Frameworks */,
				D093EC8129240F1500D7147E /* Resources */,
			);
			buildRules = (
			);
			dependencies = (
			);
			name = Pacer;
			productName = Pacer;
			productReference = D093EC8329240F1500D7147E /* Pacer.app */;
			productType = "com.apple.product-type.application";
		};
/* End PBXNativeTarget section */

/* Begin PBXProject section */
		D093EC7B29240F1500D7147E /* Project object */ = {
			isa = PBXProject;
			attributes = {
				BuildIndependentTargetsInParallel = 1;
				LastSwiftUpdateCheck = 1400;
				LastUpgradeCheck = 1400;
				TargetAttributes = {
					D093EC8229240F1500D7147E = {
						CreatedOnToolsVersion = 14.0.1;
					};
				};
			};
			buildConfigurationList = D093EC7E29240F1500D7147E /* Build configuration list for PBXProject "Pacer" */;
			compatibilityVersion = "Xcode 14.0";
			developmentRegion = en;
			hasScannedForEncodings = 0;
			knownRegions = (
				en,
				Base,
			);
			mainGroup = D093EC7A29240F1500D7147E;
			productRefGroup = D093EC8429240F1500D7147E /* Products */;
			projectDirPath = "";
			projectRoot = "";
			targets = (
				D093EC8229240F1500D7147E /* Pacer */,
			);
		};
/* End PBXProject section */

/* Begin PBXResourcesBuildPhase section */
		D093EC8129240F1500D7147E /* Resources */ = {
			isa = PBXResourcesBuildPhase;
			buildActionMask = 2147483647;
			files = (
				D093EC8E29240F1600D7147E /* Preview Assets.xcassets in Resources */,
				D093EC8B29240F1600D7147E /* Assets.xcassets in Resources */,
			);
			runOnlyForDeploymentPostprocessing = 0;
		};
/* End PBXResourcesBuildPhase section */

/* Begin PBXSourcesBuildPhase section */
		D093EC7F29240F1500D7147E /* Sources */ = {
			isa = PBXSourcesBuildPhase;
			buildActionMask = 2147483647;
			files = (
				D093EC8929240F1500D7147E /* ContentView.swift in Sources */,
				D05135642927A67600F043C5 /* PedometerManager.swift in Sources */,
				D03C3C0C292BD86600BE862B /* ProfileSelection.swift in Sources */,
				D03C3C06292BC87B00BE862B /* CircularProgressView.swift in Sources */,
				D02D5C732926980800CDB455 /* StatisticsView.swift in Sources */,
				D02D5C752926984800CDB455 /* PedometerView.swift in Sources */,
				D05135662927DAF900F043C5 /* keysModel.swift in Sources */,
				D02D5C712926971600CDB455 /* TabBarView.swift in Sources */,
				D03C3C0E292D46E000BE862B /* time.swift in Sources */,
				D093EC8729240F1500D7147E /* PacerApp.swift in Sources */,
			);
			runOnlyForDeploymentPostprocessing = 0;
		};
/* End PBXSourcesBuildPhase section */

/* Begin XCBuildConfiguration section */
		D093EC8F29240F1600D7147E /* Debug */ = {
			isa = XCBuildConfiguration;
			buildSettings = {
				ALWAYS_SEARCH_USER_PATHS = NO;
				CLANG_ANALYZER_NONNULL = YES;
				CLANG_ANALYZER_NUMBER_OBJECT_CONVERSION = YES_AGGRESSIVE;
				CLANG_CXX_LANGUAGE_STANDARD = "gnu++20";
				CLANG_ENABLE_MODULES = YES;
				CLANG_ENABLE_OBJC_ARC = YES;
				CLANG_ENABLE_OBJC_WEAK = YES;
				CLANG_WARN_BLOCK_CAPTURE_AUTORELEASING = YES;
				CLANG_WARN_BOOL_CONVERSION = YES;
				CLANG_WARN_COMMA = YES;
				CLANG_WARN_CONSTANT_CONVERSION = YES;
				CLANG_WARN_DEPRECATED_OBJC_IMPLEMENTATIONS = YES;
				CLANG_WARN_DIRECT_OBJC_ISA_USAGE = YES_ERROR;
				CLANG_WARN_DOCUMENTATION_COMMENTS = YES;
				CLANG_WARN_EMPTY_BODY = YES;
				CLANG_WARN_ENUM_CONVERSION = YES;
				CLANG_WARN_INFINITE_RECURSION = YES;
				CLANG_WARN_INT_CONVERSION = YES;
				CLANG_WARN_NON_LITERAL_NULL_CONVERSION = YES;
				CLANG_WARN_OBJC_IMPLICIT_RETAIN_SELF = YES;
				CLANG_WARN_OBJC_LITERAL_CONVERSION = YES;
				CLANG_WARN_OBJC_ROOT_CLASS = YES_ERROR;
				CLANG_WARN_QUOTED_INCLUDE_IN_FRAMEWORK_HEADER = YES;
				CLANG_WARN_RANGE_LOOP_ANALYSIS = YES;
				CLANG_WARN_STRICT_PROTOTYPES = YES;
				CLANG_WARN_SUSPICIOUS_MOVE = YES;
				CLANG_WARN_UNGUARDED_AVAILABILITY = YES_AGGRESSIVE;
				CLANG_WARN_UNREACHABLE_CODE = YES;
				CLANG_WARN__DUPLICATE_METHOD_MATCH = YES;
				COPY_PHASE_STRIP = NO;
				DEBUG_INFORMATION_FORMAT = dwarf;
				ENABLE_STRICT_OBJC_MSGSEND = YES;
				ENABLE_TESTABILITY = YES;
				GCC_C_LANGUAGE_STANDARD = gnu11;
				GCC_DYNAMIC_NO_PIC = NO;
				GCC_NO_COMMON_BLOCKS = YES;
				GCC_OPTIMIZATION_LEVEL = 0;
				GCC_PREPROCESSOR_DEFINITIONS = (
					"DEBUG=1",
					"$(inherited)",
				);
				GCC_WARN_64_TO_32_BIT_CONVERSION = YES;
				GCC_WARN_ABOUT_RETURN_TYPE = YES_ERROR;
				GCC_WARN_UNDECLARED_SELECTOR = YES;
				GCC_WARN_UNINITIALIZED_AUTOS = YES_AGGRESSIVE;
				GCC_WARN_UNUSED_FUNCTION = YES;
				GCC_WARN_UNUSED_VARIABLE = YES;
				IPHONEOS_DEPLOYMENT_TARGET = 16.0;
				MTL_ENABLE_DEBUG_INFO = INCLUDE_SOURCE;
				MTL_FAST_MATH = YES;
				ONLY_ACTIVE_ARCH = YES;
				SDKROOT = iphoneos;
				SWIFT_ACTIVE_COMPILATION_CONDITIONS = DEBUG;
				SWIFT_OPTIMIZATION_LEVEL = "-Onone";
			};
			name = Debug;
		};
		D093EC9029240F1600D7147E /* Release */ = {
			isa = XCBuildConfiguration;
			buildSettings = {
				ALWAYS_SEARCH_USER_PATHS = NO;
				CLANG_ANALYZER_NONNULL = YES;
				CLANG_ANALYZER_NUMBER_OBJECT_CONVERSION = YES_AGGRESSIVE;
				CLANG_CXX_LANGUAGE_STANDARD = "gnu++20";
				CLANG_ENABLE_MODULES = YES;
				CLANG_ENABLE_OBJC_ARC = YES;
				CLANG_ENABLE_OBJC_WEAK = YES;
				CLANG_WARN_BLOCK_CAPTURE_AUTORELEASING = YES;
				CLANG_WARN_BOOL_CONVERSION = YES;
				CLANG_WARN_COMMA = YES;
				CLANG_WARN_CONSTANT_CONVERSION = YES;
				CLANG_WARN_DEPRECATED_OBJC_IMPLEMENTATIONS = YES;
				CLANG_WARN_DIRECT_OBJC_ISA_USAGE = YES_ERROR;
				CLANG_WARN_DOCUMENTATION_COMMENTS = YES;
				CLANG_WARN_EMPTY_BODY = YES;
				CLANG_WARN_ENUM_CONVERSION = YES;
				CLANG_WARN_INFINITE_RECURSION = YES;
				CLANG_WARN_INT_CONVERSION = YES;
				CLANG_WARN_NON_LITERAL_NULL_CONVERSION = YES;
				CLANG_WARN_OBJC_IMPLICIT_RETAIN_SELF = YES;
				CLANG_WARN_OBJC_LITERAL_CONVERSION = YES;
				CLANG_WARN_OBJC_ROOT_CLASS = YES_ERROR;
				CLANG_WARN_QUOTED_INCLUDE_IN_FRAMEWORK_HEADER = YES;
				CLANG_WARN_RANGE_LOOP_ANALYSIS = YES;
				CLANG_WARN_STRICT_PROTOTYPES = YES;
				CLANG_WARN_SUSPICIOUS_MOVE = YES;
				CLANG_WARN_UNGUARDED_AVAILABILITY = YES_AGGRESSIVE;
				CLANG_WARN_UNREACHABLE_CODE = YES;
				CLANG_WARN__DUPLICATE_METHOD_MATCH = YES;
				COPY_PHASE_STRIP = NO;
				DEBUG_INFORMATION_FORMAT = "dwarf-with-dsym";
				ENABLE_NS_ASSERTIONS = NO;
				ENABLE_STRICT_OBJC_MSGSEND = YES;
				GCC_C_LANGUAGE_STANDARD = gnu11;
				GCC_NO_COMMON_BLOCKS = YES;
				GCC_WARN_64_TO_32_BIT_CONVERSION = YES;
				GCC_WARN_ABOUT_RETURN_TYPE = YES_ERROR;
				GCC_WARN_UNDECLARED_SELECTOR = YES;
				GCC_WARN_UNINITIALIZED_AUTOS = YES_AGGRESSIVE;
				GCC_WARN_UNUSED_FUNCTION = YES;
				GCC_WARN_UNUSED_VARIABLE = YES;
				IPHONEOS_DEPLOYMENT_TARGET = 16.0;
				MTL_ENABLE_DEBUG_INFO = NO;
				MTL_FAST_MATH = YES;
				SDKROOT = iphoneos;
				SWIFT_COMPILATION_MODE = wholemodule;
				SWIFT_OPTIMIZATION_LEVEL = "-O";
				VALIDATE_PRODUCT = YES;
			};
			name = Release;
		};
		D093EC9229240F1600D7147E /* Debug */ = {
			isa = XCBuildConfiguration;
			buildSettings = {
				ASSETCATALOG_COMPILER_APPICON_NAME = AppIcon;
				ASSETCATALOG_COMPILER_GLOBAL_ACCENT_COLOR_NAME = AccentColor;
				CODE_SIGN_STYLE = Automatic;
				CURRENT_PROJECT_VERSION = 1;
				DEVELOPMENT_ASSET_PATHS = "\"Pacer/Preview Content\"";
				DEVELOPMENT_TEAM = 5FDLG4RNFN;
				ENABLE_PREVIEWS = YES;
				GENERATE_INFOPLIST_FILE = YES;
				INFOPLIST_FILE = Pacer/Info.plist;
				INFOPLIST_KEY_NSMotionUsageDescription = "\"We are using motion usage in order to track your step count.\"";
				INFOPLIST_KEY_UIApplicationSceneManifest_Generation = YES;
				INFOPLIST_KEY_UIApplicationSupportsIndirectInputEvents = YES;
				INFOPLIST_KEY_UILaunchScreen_Generation = YES;
				INFOPLIST_KEY_UISupportedInterfaceOrientations_iPad = "UIInterfaceOrientationPortrait UIInterfaceOrientationPortraitUpsideDown UIInterfaceOrientationLandscapeLeft UIInterfaceOrientationLandscapeRight";
				INFOPLIST_KEY_UISupportedInterfaceOrientations_iPhone = "UIInterfaceOrientationPortrait UIInterfaceOrientationLandscapeLeft UIInterfaceOrientationLandscapeRight";
				LD_RUNPATH_SEARCH_PATHS = (
					"$(inherited)",
					"@executable_path/Frameworks",
				);
				MARKETING_VERSION = 1.0;
				PRODUCT_BUNDLE_IDENTIFIER = it.academy.jkeraa.Pacer;
				PRODUCT_NAME = "$(TARGET_NAME)";
				SWIFT_EMIT_LOC_STRINGS = YES;
				SWIFT_VERSION = 5.0;
				TARGETED_DEVICE_FAMILY = "1,2";
			};
			name = Debug;
		};
		D093EC9329240F1600D7147E /* Release */ = {
			isa = XCBuildConfiguration;
			buildSettings = {
				ASSETCATALOG_COMPILER_APPICON_NAME = AppIcon;
				ASSETCATALOG_COMPILER_GLOBAL_ACCENT_COLOR_NAME = AccentColor;
				CODE_SIGN_STYLE = Automatic;
				CURRENT_PROJECT_VERSION = 1;
				DEVELOPMENT_ASSET_PATHS = "\"Pacer/Preview Content\"";
				DEVELOPMENT_TEAM = 5FDLG4RNFN;
				ENABLE_PREVIEWS = YES;
				GENERATE_INFOPLIST_FILE = YES;
				INFOPLIST_FILE = Pacer/Info.plist;
				INFOPLIST_KEY_NSMotionUsageDescription = "\"We are using motion usage in order to track your step count.\"";
				INFOPLIST_KEY_UIApplicationSceneManifest_Generation = YES;
				INFOPLIST_KEY_UIApplicationSupportsIndirectInputEvents = YES;
				INFOPLIST_KEY_UILaunchScreen_Generation = YES;
				INFOPLIST_KEY_UISupportedInterfaceOrientations_iPad = "UIInterfaceOrientationPortrait UIInterfaceOrientationPortraitUpsideDown UIInterfaceOrientationLandscapeLeft UIInterfaceOrientationLandscapeRight";
				INFOPLIST_KEY_UISupportedInterfaceOrientations_iPhone = "UIInterfaceOrientationPortrait UIInterfaceOrientationLandscapeLeft UIInterfaceOrientationLandscapeRight";
				LD_RUNPATH_SEARCH_PATHS = (
					"$(inherited)",
					"@executable_path/Frameworks",
				);
				MARKETING_VERSION = 1.0;
				PRODUCT_BUNDLE_IDENTIFIER = it.academy.jkeraa.Pacer;
				PRODUCT_NAME = "$(TARGET_NAME)";
				SWIFT_EMIT_LOC_STRINGS = YES;
				SWIFT_VERSION = 5.0;
				TARGETED_DEVICE_FAMILY = "1,2";
			};
			name = Release;
		};
/* End XCBuildConfiguration section */

/* Begin XCConfigurationList section */
		D093EC7E29240F1500D7147E /* Build configuration list for PBXProject "Pacer" */ = {
			isa = XCConfigurationList;
			buildConfigurations = (
				D093EC8F29240F1600D7147E /* Debug */,
				D093EC9029240F1600D7147E /* Release */,
			);
			defaultConfigurationIsVisible = 0;
			defaultConfigurationName = Release;
		};
		D093EC9129240F1600D7147E /* Build configuration list for PBXNativeTarget "Pacer" */ = {
			isa = XCConfigurationList;
			buildConfigurations = (
				D093EC9229240F1600D7147E /* Debug */,
				D093EC9329240F1600D7147E /* Release */,
			);
			defaultConfigurationIsVisible = 0;
			defaultConfigurationName = Release;
		};
/* End XCConfigurationList section */
	};
	rootObject = D093EC7B29240F1500D7147E /* Project object */;
}
